// !$*UTF8*$!
{
	archiveVersion = 1;
	classes = {
	};
	objectVersion = 46;
	objects = {

/* Begin PBXBuildFile section */
		C331B9941B25B49700C03DB6 /* main.cpp in Sources */ = {isa = PBXBuildFile; fileRef = C331B9931B25B49700C03DB6 /* main.cpp */; };
		C331B9AF1B26B37300C03DB6 /* HeapType.cpp in Sources */ = {isa = PBXBuildFile; fileRef = C331B9AD1B26B37300C03DB6 /* HeapType.cpp */; };
		C331B9B21B27122D00C03DB6 /* HashTable.cpp in Sources */ = {isa = PBXBuildFile; fileRef = C331B9B01B27122D00C03DB6 /* HashTable.cpp */; };
		C331B9B61B28728800C03DB6 /* Graph.cpp in Sources */ = {isa = PBXBuildFile; fileRef = C331B9B41B28728800C03DB6 /* Graph.cpp */; };
/* End PBXBuildFile section */

/* Begin PBXCopyFilesBuildPhase section */
		C331B98E1B25B49700C03DB6 /* CopyFiles */ = {
			isa = PBXCopyFilesBuildPhase;
			buildActionMask = 2147483647;
			dstPath = /usr/share/man/man1/;
			dstSubfolderSpec = 0;
			files = (
			);
			runOnlyForDeploymentPostprocessing = 1;
		};
/* End PBXCopyFilesBuildPhase section */

/* Begin PBXFileReference section */
		C331B9901B25B49700C03DB6 /* Project */ = {isa = PBXFileReference; explicitFileType = "compiled.mach-o.executable"; includeInIndex = 0; path = Project; sourceTree = BUILT_PRODUCTS_DIR; };
		C331B9931B25B49700C03DB6 /* main.cpp */ = {isa = PBXFileReference; lastKnownFileType = sourcecode.cpp.cpp; path = main.cpp; sourceTree = "<group>"; };
		C331B9AD1B26B37300C03DB6 /* HeapType.cpp */ = {isa = PBXFileReference; fileEncoding = 4; lastKnownFileType = sourcecode.cpp.cpp; path = HeapType.cpp; sourceTree = "<group>"; };
		C331B9AE1B26B37300C03DB6 /* HeapType.h */ = {isa = PBXFileReference; fileEncoding = 4; lastKnownFileType = sourcecode.c.h; path = HeapType.h; sourceTree = "<group>"; };
		C331B9B01B27122D00C03DB6 /* HashTable.cpp */ = {isa = PBXFileReference; fileEncoding = 4; lastKnownFileType = sourcecode.cpp.cpp; path = HashTable.cpp; sourceTree = "<group>"; };
		C331B9B11B27122D00C03DB6 /* HashTable.h */ = {isa = PBXFileReference; fileEncoding = 4; lastKnownFileType = sourcecode.c.h; path = HashTable.h; sourceTree = "<group>"; };
		C331B9B41B28728800C03DB6 /* Graph.cpp */ = {isa = PBXFileReference; fileEncoding = 4; lastKnownFileType = sourcecode.cpp.cpp; path = Graph.cpp; sourceTree = "<group>"; };
		C331B9B51B28728800C03DB6 /* Graph.h */ = {isa = PBXFileReference; fileEncoding = 4; lastKnownFileType = sourcecode.c.h; path = Graph.h; sourceTree = "<group>"; };
		C3E686871B298E4100EEC3E6 /* output.txt */ = {isa = PBXFileReference; fileEncoding = 4; lastKnownFileType = text; path = output.txt; sourceTree = "<group>"; };
		C3E686881B298E4100EEC3E6 /* testCase01 */ = {isa = PBXFileReference; fileEncoding = 4; lastKnownFileType = text; path = testCase01; sourceTree = "<group>"; };
		C3E686891B298E4100EEC3E6 /* testMap */ = {isa = PBXFileReference; fileEncoding = 4; lastKnownFileType = text; path = testMap; sourceTree = "<group>"; };
		C3E6868B1B298E4100EEC3E6 /* output.txt */ = {isa = PBXFileReference; fileEncoding = 4; lastKnownFileType = text; path = output.txt; sourceTree = "<group>"; };
		C3E6868C1B298E4100EEC3E6 /* testCase02 */ = {isa = PBXFileReference; fileEncoding = 4; lastKnownFileType = text; path = testCase02; sourceTree = "<group>"; };
		C3E6868D1B298E4100EEC3E6 /* testMap */ = {isa = PBXFileReference; fileEncoding = 4; lastKnownFileType = text; path = testMap; sourceTree = "<group>"; };
		C3E6868F1B298E4100EEC3E6 /* output.txt */ = {isa = PBXFileReference; fileEncoding = 4; lastKnownFileType = text; path = output.txt; sourceTree = "<group>"; };
		C3E686901B298E4100EEC3E6 /* testCase03 */ = {isa = PBXFileReference; fileEncoding = 4; lastKnownFileType = text; path = testCase03; sourceTree = "<group>"; };
		C3E686911B298E4100EEC3E6 /* testMap */ = {isa = PBXFileReference; fileEncoding = 4; lastKnownFileType = text; path = testMap; sourceTree = "<group>"; };
		C3E686971B2DBB6700EEC3E6 /* test2_output.txt */ = {isa = PBXFileReference; fileEncoding = 4; lastKnownFileType = text; path = test2_output.txt; sourceTree = "<group>"; };
		C3E686981B2DC7F500EEC3E6 /* test1_output.txt */ = {isa = PBXFileReference; fileEncoding = 4; lastKnownFileType = text; path = test1_output.txt; sourceTree = "<group>"; };
		C3FCAFA31B345B5800F19ED3 /* test3_output */ = {isa = PBXFileReference; fileEncoding = 4; lastKnownFileType = text; path = test3_output; sourceTree = "<group>"; };
/* End PBXFileReference section */

/* Begin PBXFrameworksBuildPhase section */
		C331B98D1B25B49700C03DB6 /* Frameworks */ = {
			isa = PBXFrameworksBuildPhase;
			buildActionMask = 2147483647;
			files = (
			);
			runOnlyForDeploymentPostprocessing = 0;
		};
/* End PBXFrameworksBuildPhase section */

/* Begin PBXGroup section */
		C331B9871B25B49700C03DB6 = {
			isa = PBXGroup;
			children = (
				C3E686851B298E4100EEC3E6 /* Testcases */,
				C331B9921B25B49700C03DB6 /* Project */,
				C331B9911B25B49700C03DB6 /* Products */,
			);
			sourceTree = "<group>";
		};
		C331B9911B25B49700C03DB6 /* Products */ = {
			isa = PBXGroup;
			children = (
				C331B9901B25B49700C03DB6 /* Project */,
			);
			name = Products;
			sourceTree = "<group>";
		};
		C331B9921B25B49700C03DB6 /* Project */ = {
			isa = PBXGroup;
			children = (
				C331B9931B25B49700C03DB6 /* main.cpp */,
				C331B9AD1B26B37300C03DB6 /* HeapType.cpp */,
				C331B9AE1B26B37300C03DB6 /* HeapType.h */,
				C331B9B41B28728800C03DB6 /* Graph.cpp */,
				C331B9B51B28728800C03DB6 /* Graph.h */,
				C331B9B01B27122D00C03DB6 /* HashTable.cpp */,
				C331B9B11B27122D00C03DB6 /* HashTable.h */,
			);
			path = Project;
			sourceTree = "<group>";
		};
		C3E686851B298E4100EEC3E6 /* Testcases */ = {
			isa = PBXGroup;
			children = (
				C3E686861B298E4100EEC3E6 /* TC1 */,
				C3E6868A1B298E4100EEC3E6 /* TC2 */,
				C3E6868E1B298E4100EEC3E6 /* TC3_basic */,
			);
			name = Testcases;
			path = Project/Testcases;
			sourceTree = "<group>";
		};
		C3E686861B298E4100EEC3E6 /* TC1 */ = {
			isa = PBXGroup;
			children = (
				C3E686871B298E4100EEC3E6 /* output.txt */,
				C3E686881B298E4100EEC3E6 /* testCase01 */,
				C3E686981B2DC7F500EEC3E6 /* test1_output.txt */,
				C3E686891B298E4100EEC3E6 /* testMap */,
			);
			path = TC1;
			sourceTree = "<group>";
		};
		C3E6868A1B298E4100EEC3E6 /* TC2 */ = {
			isa = PBXGroup;
			children = (
				C3E6868B1B298E4100EEC3E6 /* output.txt */,
				C3E6868C1B298E4100EEC3E6 /* testCase02 */,
				C3E686971B2DBB6700EEC3E6 /* test2_output.txt */,
				C3E6868D1B298E4100EEC3E6 /* testMap */,
			);
			path = TC2;
			sourceTree = "<group>";
		};
		C3E6868E1B298E4100EEC3E6 /* TC3_basic */ = {
			isa = PBXGroup;
			children = (
				C3E6868F1B298E4100EEC3E6 /* output.txt */,
				C3E686901B298E4100EEC3E6 /* testCase03 */,
				C3FCAFA31B345B5800F19ED3 /* test3_output */,
				C3E686911B298E4100EEC3E6 /* testMap */,
			);
			path = TC3_basic;
			sourceTree = "<group>";
		};
/* End PBXGroup section */

/* Begin PBXNativeTarget section */
		C331B98F1B25B49700C03DB6 /* Project */ = {
			isa = PBXNativeTarget;
			buildConfigurationList = C331B9971B25B49700C03DB6 /* Build configuration list for PBXNativeTarget "Project" */;
			buildPhases = (
				C331B98C1B25B49700C03DB6 /* Sources */,
				C331B98D1B25B49700C03DB6 /* Frameworks */,
				C331B98E1B25B49700C03DB6 /* CopyFiles */,
			);
			buildRules = (
			);
			dependencies = (
			);
			name = Project;
			productName = Project;
			productReference = C331B9901B25B49700C03DB6 /* Project */;
			productType = "com.apple.product-type.tool";
		};
/* End PBXNativeTarget section */

/* Begin PBXProject section */
		C331B9881B25B49700C03DB6 /* Project object */ = {
			isa = PBXProject;
			attributes = {
				LastUpgradeCheck = 0620;
				ORGANIZATIONNAME = "Carl Dehlin";
				TargetAttributes = {
					C331B98F1B25B49700C03DB6 = {
						CreatedOnToolsVersion = 6.2;
					};
				};
			};
			buildConfigurationList = C331B98B1B25B49700C03DB6 /* Build configuration list for PBXProject "Project" */;
			compatibilityVersion = "Xcode 3.2";
			developmentRegion = English;
			hasScannedForEncodings = 0;
			knownRegions = (
				en,
			);
			mainGroup = C331B9871B25B49700C03DB6;
			productRefGroup = C331B9911B25B49700C03DB6 /* Products */;
			projectDirPath = "";
			projectRoot = "";
			targets = (
				C331B98F1B25B49700C03DB6 /* Project */,
			);
		};
/* End PBXProject section */

/* Begin PBXSourcesBuildPhase section */
		C331B98C1B25B49700C03DB6 /* Sources */ = {
			isa = PBXSourcesBuildPhase;
			buildActionMask = 2147483647;
			files = (
				C331B9B61B28728800C03DB6 /* Graph.cpp in Sources */,
				C331B9941B25B49700C03DB6 /* main.cpp in Sources */,
				C331B9AF1B26B37300C03DB6 /* HeapType.cpp in Sources */,
				C331B9B21B27122D00C03DB6 /* HashTable.cpp in Sources */,
			);
			runOnlyForDeploymentPostprocessing = 0;
		};
/* End PBXSourcesBuildPhase section */

/* Begin XCBuildConfiguration section */
		C331B9951B25B49700C03DB6 /* Debug */ = {
			isa = XCBuildConfiguration;
			buildSettings = {
				ALWAYS_SEARCH_USER_PATHS = NO;
				CLANG_CXX_LANGUAGE_STANDARD = "gnu++0x";
				CLANG_CXX_LIBRARY = "libc++";
				CLANG_ENABLE_MODULES = YES;
				CLANG_ENABLE_OBJC_ARC = YES;
				CLANG_WARN_BOOL_CONVERSION = YES;
				CLANG_WARN_CONSTANT_CONVERSION = YES;
				CLANG_WARN_DIRECT_OBJC_ISA_USAGE = YES_ERROR;
				CLANG_WARN_EMPTY_BODY = YES;
				CLANG_WARN_ENUM_CONVERSION = YES;
				CLANG_WARN_INT_CONVERSION = YES;
				CLANG_WARN_OBJC_ROOT_CLASS = YES_ERROR;
				CLANG_WARN_UNREACHABLE_CODE = YES;
				CLANG_WARN__DUPLICATE_METHOD_MATCH = YES;
				COPY_PHASE_STRIP = NO;
				ENABLE_STRICT_OBJC_MSGSEND = YES;
				GCC_C_LANGUAGE_STANDARD = gnu99;
				GCC_DYNAMIC_NO_PIC = NO;
				GCC_OPTIMIZATION_LEVEL = 0;
				GCC_PREPROCESSOR_DEFINITIONS = (
					"DEBUG=1",
					"$(inherited)",
				);
				GCC_SYMBOLS_PRIVATE_EXTERN = NO;
				GCC_WARN_64_TO_32_BIT_CONVERSION = YES;
				GCC_WARN_ABOUT_RETURN_TYPE = YES_ERROR;
				GCC_WARN_UNDECLARED_SELECTOR = YES;
				GCC_WARN_UNINITIALIZED_AUTOS = YES_AGGRESSIVE;
				GCC_WARN_UNUSED_FUNCTION = YES;
				GCC_WARN_UNUSED_VARIABLE = YES;
				MACOSX_DEPLOYMENT_TARGET = 10.9;
				MTL_ENABLE_DEBUG_INFO = YES;
				ONLY_ACTIVE_ARCH = YES;
				SDKROOT = macosx;
			};
			name = Debug;
		};
		C331B9961B25B49700C03DB6 /* Release */ = {
			isa = XCBuildConfiguration;
			buildSettings = {
				ALWAYS_SEARCH_USER_PATHS = NO;
				CLANG_CXX_LANGUAGE_STANDARD = "gnu++0x";
				CLANG_CXX_LIBRARY = "libc++";
				CLANG_ENABLE_MODULES = YES;
				CLANG_ENABLE_OBJC_ARC = YES;
				CLANG_WARN_BOOL_CONVERSION = YES;
				CLANG_WARN_CONSTANT_CONVERSION = YES;
				CLANG_WARN_DIRECT_OBJC_ISA_USAGE = YES_ERROR;
				CLANG_WARN_EMPTY_BODY = YES;
				CLANG_WARN_ENUM_CONVERSION = YES;
				CLANG_WARN_INT_CONVERSION = YES;
				CLANG_WARN_OBJC_ROOT_CLASS = YES_ERROR;
				CLANG_WARN_UNREACHABLE_CODE = YES;
				CLANG_WARN__DUPLICATE_METHOD_MATCH = YES;
				COPY_PHASE_STRIP = NO;
				DEBUG_INFORMATION_FORMAT = "dwarf-with-dsym";
				ENABLE_NS_ASSERTIONS = NO;
				ENABLE_STRICT_OBJC_MSGSEND = YES;
				GCC_C_LANGUAGE_STANDARD = gnu99;
				GCC_WARN_64_TO_32_BIT_CONVERSION = YES;
				GCC_WARN_ABOUT_RETURN_TYPE = YES_ERROR;
				GCC_WARN_UNDECLARED_SELECTOR = YES;
				GCC_WARN_UNINITIALIZED_AUTOS = YES_AGGRESSIVE;
				GCC_WARN_UNUSED_FUNCTION = YES;
				GCC_WARN_UNUSED_VARIABLE = YES;
				MACOSX_DEPLOYMENT_TARGET = 10.9;
				MTL_ENABLE_DEBUG_INFO = NO;
				SDKROOT = macosx;
			};
			name = Release;
		};
		C331B9981B25B49700C03DB6 /* Debug */ = {
			isa = XCBuildConfiguration;
			buildSettings = {
				PRODUCT_NAME = "$(TARGET_NAME)";
			};
			name = Debug;
		};
		C331B9991B25B49700C03DB6 /* Release */ = {
			isa = XCBuildConfiguration;
			buildSettings = {
				PRODUCT_NAME = "$(TARGET_NAME)";
			};
			name = Release;
		};
/* End XCBuildConfiguration section */

/* Begin XCConfigurationList section */
		C331B98B1B25B49700C03DB6 /* Build configuration list for PBXProject "Project" */ = {
			isa = XCConfigurationList;
			buildConfigurations = (
				C331B9951B25B49700C03DB6 /* Debug */,
				C331B9961B25B49700C03DB6 /* Release */,
			);
			defaultConfigurationIsVisible = 0;
			defaultConfigurationName = Release;
		};
		C331B9971B25B49700C03DB6 /* Build configuration list for PBXNativeTarget "Project" */ = {
			isa = XCConfigurationList;
			buildConfigurations = (
				C331B9981B25B49700C03DB6 /* Debug */,
				C331B9991B25B49700C03DB6 /* Release */,
			);
			defaultConfigurationIsVisible = 0;
			defaultConfigurationName = Release;
		};
/* End XCConfigurationList section */
	};
	rootObject = C331B9881B25B49700C03DB6 /* Project object */;
}
